PODS:
  - Flutter (1.0.0)
  - libdsm (1.1.9):
    - Flutter

DEPENDENCIES:
  - Flutter (from `Flutter`)
  - libdsm (from `.symlinks/plugins/libdsm/ios`)

EXTERNAL SOURCES:
  Flutter:
    :path: Flutter
  libdsm:
    :path: ".symlinks/plugins/libdsm/ios"

SPEC CHECKSUMS:
  Flutter: e0871f40cf51350855a761d2e70bf5af5b9b5de7
  libdsm: 8fb0b3418ef0eade2bd7bb4a7e25ca5fafb3dfa5

PODFILE CHECKSUM: c4c93c5f6502fe2754f48404d3594bf779584011

COCOAPODS: 1.15.2
